// !$*UTF8*$!
{
	archiveVersion = 1;
	classes = {
	};
	objectVersion = 46;
	objects = {

/* Begin PBXBuildFile section */
		12747181BD2A42409ADEE7DE /* libPods.a in Frameworks */ = {isa = PBXBuildFile; fileRef = 42E41E315E394D0A80C56778 /* libPods.a */; };
		76A14D201841045500DE8DE4 /* Foundation.framework in Frameworks */ = {isa = PBXBuildFile; fileRef = 76A14D1F1841045500DE8DE4 /* Foundation.framework */; };
		76A14D221841045500DE8DE4 /* CoreGraphics.framework in Frameworks */ = {isa = PBXBuildFile; fileRef = 76A14D211841045500DE8DE4 /* CoreGraphics.framework */; };
		76A14D241841045500DE8DE4 /* UIKit.framework in Frameworks */ = {isa = PBXBuildFile; fileRef = 76A14D231841045500DE8DE4 /* UIKit.framework */; };
		76A14D2A1841045600DE8DE4 /* InfoPlist.strings in Resources */ = {isa = PBXBuildFile; fileRef = 76A14D281841045600DE8DE4 /* InfoPlist.strings */; };
		76A14D2C1841045600DE8DE4 /* main.m in Sources */ = {isa = PBXBuildFile; fileRef = 76A14D2B1841045600DE8DE4 /* main.m */; };
		76A14D301841045600DE8DE4 /* AppDelegate.m in Sources */ = {isa = PBXBuildFile; fileRef = 76A14D2F1841045600DE8DE4 /* AppDelegate.m */; };
		76A14D321841045600DE8DE4 /* Images.xcassets in Resources */ = {isa = PBXBuildFile; fileRef = 76A14D311841045600DE8DE4 /* Images.xcassets */; };
		76A14D391841045600DE8DE4 /* XCTest.framework in Frameworks */ = {isa = PBXBuildFile; fileRef = 76A14D381841045600DE8DE4 /* XCTest.framework */; };
		76A14D3A1841045600DE8DE4 /* Foundation.framework in Frameworks */ = {isa = PBXBuildFile; fileRef = 76A14D1F1841045500DE8DE4 /* Foundation.framework */; };
		76A14D3B1841045600DE8DE4 /* UIKit.framework in Frameworks */ = {isa = PBXBuildFile; fileRef = 76A14D231841045500DE8DE4 /* UIKit.framework */; };
		76A14D431841045600DE8DE4 /* InfoPlist.strings in Resources */ = {isa = PBXBuildFile; fileRef = 76A14D411841045600DE8DE4 /* InfoPlist.strings */; };
		76A14D451841045600DE8DE4 /* endthedebateTests.m in Sources */ = {isa = PBXBuildFile; fileRef = 76A14D441841045600DE8DE4 /* endthedebateTests.m */; };
		76A14D5218410A7500DE8DE4 /* LoginViewController.m in Sources */ = {isa = PBXBuildFile; fileRef = 76A14D5018410A7500DE8DE4 /* LoginViewController.m */; };
		76A14D5318410A7500DE8DE4 /* LoginViewController.xib in Resources */ = {isa = PBXBuildFile; fileRef = 76A14D5118410A7500DE8DE4 /* LoginViewController.xib */; };
		76A14D551841101E00DE8DE4 /* MobileCoreServices.framework in Frameworks */ = {isa = PBXBuildFile; fileRef = 76A14D541841101E00DE8DE4 /* MobileCoreServices.framework */; };
		76A14D571841105800DE8DE4 /* Security.framework in Frameworks */ = {isa = PBXBuildFile; fileRef = 76A14D561841105800DE8DE4 /* Security.framework */; };
		76A14D591841106200DE8DE4 /* CFNetwork.framework in Frameworks */ = {isa = PBXBuildFile; fileRef = 76A14D581841106200DE8DE4 /* CFNetwork.framework */; };
		76A14D5B1841106A00DE8DE4 /* SystemConfiguration.framework in Frameworks */ = {isa = PBXBuildFile; fileRef = 76A14D5A1841106A00DE8DE4 /* SystemConfiguration.framework */; };
		76A14D5D184110C000DE8DE4 /* CoreData.framework in Frameworks */ = {isa = PBXBuildFile; fileRef = 76A14D5C184110C000DE8DE4 /* CoreData.framework */; };
		76A14D62184113C500DE8DE4 /* MainViewController.m in Sources */ = {isa = PBXBuildFile; fileRef = 76A14D60184113C500DE8DE4 /* MainViewController.m */; };
		76A14D63184113C500DE8DE4 /* MainViewController.xib in Resources */ = {isa = PBXBuildFile; fileRef = 76A14D61184113C500DE8DE4 /* MainViewController.xib */; };
		76A14D6A1841174C00DE8DE4 /* KLTextView.m in Sources */ = {isa = PBXBuildFile; fileRef = 76A14D671841174C00DE8DE4 /* KLTextView.m */; };
		76A14D6B1841174C00DE8DE4 /* KLKeyboardBar.m in Sources */ = {isa = PBXBuildFile; fileRef = 76A14D691841174C00DE8DE4 /* KLKeyboardBar.m */; };
		76A14D7018411A0500DE8DE4 /* User.m in Sources */ = {isa = PBXBuildFile; fileRef = 76A14D6F18411A0500DE8DE4 /* User.m */; };
		76A14D7318411A1100DE8DE4 /* Question.m in Sources */ = {isa = PBXBuildFile; fileRef = 76A14D7218411A1100DE8DE4 /* Question.m */; };
		76A14D7618411A2700DE8DE4 /* Answer.m in Sources */ = {isa = PBXBuildFile; fileRef = 76A14D7518411A2700DE8DE4 /* Answer.m */; };
		C36007DF1841106700EA31FE /* FacebookSDK.framework in Frameworks */ = {isa = PBXBuildFile; fileRef = C36007DE1841106700EA31FE /* FacebookSDK.framework */; };
		C36007E01841106700EA31FE /* FacebookSDK.framework in Frameworks */ = {isa = PBXBuildFile; fileRef = C36007DE1841106700EA31FE /* FacebookSDK.framework */; };
		C36007E118412B6400EA31FE /* LoginViewController.xib in Resources */ = {isa = PBXBuildFile; fileRef = 76A14D5118410A7500DE8DE4 /* LoginViewController.xib */; };
		C36007E418413CCC00EA31FE /* 851565_207329966095351_137697998_n.png in Resources */ = {isa = PBXBuildFile; fileRef = C36007E318413CCC00EA31FE /* 851565_207329966095351_137697998_n.png */; };
		C36007F218414DFE00EA31FE /* QuestionPage.m in Sources */ = {isa = PBXBuildFile; fileRef = C36007F018414DFE00EA31FE /* QuestionPage.m */; };
		C36007F318414DFE00EA31FE /* QuestionPage.xib in Resources */ = {isa = PBXBuildFile; fileRef = C36007F118414DFE00EA31FE /* QuestionPage.xib */; };
/* End PBXBuildFile section */

/* Begin PBXContainerItemProxy section */
		76A14D3C1841045600DE8DE4 /* PBXContainerItemProxy */ = {
			isa = PBXContainerItemProxy;
			containerPortal = 76A14D141841045500DE8DE4 /* Project object */;
			proxyType = 1;
			remoteGlobalIDString = 76A14D1B1841045500DE8DE4;
			remoteInfo = endthedebate;
		};
/* End PBXContainerItemProxy section */

/* Begin PBXFileReference section */
		429591F58B8D4D90A0E39351 /* Pods.xcconfig */ = {isa = PBXFileReference; includeInIndex = 1; lastKnownFileType = text.xcconfig; name = Pods.xcconfig; path = Pods/Pods.xcconfig; sourceTree = SOURCE_ROOT; };
		42E41E315E394D0A80C56778 /* libPods.a */ = {isa = PBXFileReference; explicitFileType = archive.ar; includeInIndex = 0; path = libPods.a; sourceTree = BUILT_PRODUCTS_DIR; };
		76A14D1C1841045500DE8DE4 /* endthedebate.app */ = {isa = PBXFileReference; explicitFileType = wrapper.application; includeInIndex = 0; path = endthedebate.app; sourceTree = BUILT_PRODUCTS_DIR; };
		76A14D1F1841045500DE8DE4 /* Foundation.framework */ = {isa = PBXFileReference; lastKnownFileType = wrapper.framework; name = Foundation.framework; path = System/Library/Frameworks/Foundation.framework; sourceTree = SDKROOT; };
		76A14D211841045500DE8DE4 /* CoreGraphics.framework */ = {isa = PBXFileReference; lastKnownFileType = wrapper.framework; name = CoreGraphics.framework; path = System/Library/Frameworks/CoreGraphics.framework; sourceTree = SDKROOT; };
		76A14D231841045500DE8DE4 /* UIKit.framework */ = {isa = PBXFileReference; lastKnownFileType = wrapper.framework; name = UIKit.framework; path = System/Library/Frameworks/UIKit.framework; sourceTree = SDKROOT; };
		76A14D271841045600DE8DE4 /* endthedebate-Info.plist */ = {isa = PBXFileReference; lastKnownFileType = text.plist.xml; path = "endthedebate-Info.plist"; sourceTree = "<group>"; };
		76A14D291841045600DE8DE4 /* en */ = {isa = PBXFileReference; lastKnownFileType = text.plist.strings; name = en; path = en.lproj/InfoPlist.strings; sourceTree = "<group>"; };
		76A14D2B1841045600DE8DE4 /* main.m */ = {isa = PBXFileReference; lastKnownFileType = sourcecode.c.objc; path = main.m; sourceTree = "<group>"; };
		76A14D2D1841045600DE8DE4 /* endthedebate-Prefix.pch */ = {isa = PBXFileReference; lastKnownFileType = sourcecode.c.h; path = "endthedebate-Prefix.pch"; sourceTree = "<group>"; };
		76A14D2E1841045600DE8DE4 /* AppDelegate.h */ = {isa = PBXFileReference; lastKnownFileType = sourcecode.c.h; path = AppDelegate.h; sourceTree = "<group>"; };
		76A14D2F1841045600DE8DE4 /* AppDelegate.m */ = {isa = PBXFileReference; lastKnownFileType = sourcecode.c.objc; path = AppDelegate.m; sourceTree = "<group>"; };
		76A14D311841045600DE8DE4 /* Images.xcassets */ = {isa = PBXFileReference; lastKnownFileType = folder.assetcatalog; path = Images.xcassets; sourceTree = "<group>"; };
		76A14D371841045600DE8DE4 /* endthedebateTests.xctest */ = {isa = PBXFileReference; explicitFileType = wrapper.cfbundle; includeInIndex = 0; path = endthedebateTests.xctest; sourceTree = BUILT_PRODUCTS_DIR; };
		76A14D381841045600DE8DE4 /* XCTest.framework */ = {isa = PBXFileReference; lastKnownFileType = wrapper.framework; name = XCTest.framework; path = Library/Frameworks/XCTest.framework; sourceTree = DEVELOPER_DIR; };
		76A14D401841045600DE8DE4 /* endthedebateTests-Info.plist */ = {isa = PBXFileReference; lastKnownFileType = text.plist.xml; path = "endthedebateTests-Info.plist"; sourceTree = "<group>"; };
		76A14D421841045600DE8DE4 /* en */ = {isa = PBXFileReference; lastKnownFileType = text.plist.strings; name = en; path = en.lproj/InfoPlist.strings; sourceTree = "<group>"; };
		76A14D441841045600DE8DE4 /* endthedebateTests.m */ = {isa = PBXFileReference; lastKnownFileType = sourcecode.c.objc; path = endthedebateTests.m; sourceTree = "<group>"; };
		76A14D4F18410A7500DE8DE4 /* LoginViewController.h */ = {isa = PBXFileReference; fileEncoding = 4; lastKnownFileType = sourcecode.c.h; path = LoginViewController.h; sourceTree = "<group>"; };
		76A14D5018410A7500DE8DE4 /* LoginViewController.m */ = {isa = PBXFileReference; fileEncoding = 4; lastKnownFileType = sourcecode.c.objc; path = LoginViewController.m; sourceTree = "<group>"; };
		76A14D5118410A7500DE8DE4 /* LoginViewController.xib */ = {isa = PBXFileReference; fileEncoding = 4; lastKnownFileType = file.xib; path = LoginViewController.xib; sourceTree = "<group>"; };
		76A14D541841101E00DE8DE4 /* MobileCoreServices.framework */ = {isa = PBXFileReference; lastKnownFileType = wrapper.framework; name = MobileCoreServices.framework; path = System/Library/Frameworks/MobileCoreServices.framework; sourceTree = SDKROOT; };
		76A14D561841105800DE8DE4 /* Security.framework */ = {isa = PBXFileReference; lastKnownFileType = wrapper.framework; name = Security.framework; path = System/Library/Frameworks/Security.framework; sourceTree = SDKROOT; };
		76A14D581841106200DE8DE4 /* CFNetwork.framework */ = {isa = PBXFileReference; lastKnownFileType = wrapper.framework; name = CFNetwork.framework; path = System/Library/Frameworks/CFNetwork.framework; sourceTree = SDKROOT; };
		76A14D5A1841106A00DE8DE4 /* SystemConfiguration.framework */ = {isa = PBXFileReference; lastKnownFileType = wrapper.framework; name = SystemConfiguration.framework; path = System/Library/Frameworks/SystemConfiguration.framework; sourceTree = SDKROOT; };
		76A14D5C184110C000DE8DE4 /* CoreData.framework */ = {isa = PBXFileReference; lastKnownFileType = wrapper.framework; name = CoreData.framework; path = System/Library/Frameworks/CoreData.framework; sourceTree = SDKROOT; };
		76A14D5F184113C500DE8DE4 /* MainViewController.h */ = {isa = PBXFileReference; fileEncoding = 4; lastKnownFileType = sourcecode.c.h; path = MainViewController.h; sourceTree = "<group>"; };
		76A14D60184113C500DE8DE4 /* MainViewController.m */ = {isa = PBXFileReference; fileEncoding = 4; lastKnownFileType = sourcecode.c.objc; path = MainViewController.m; sourceTree = "<group>"; };
		76A14D61184113C500DE8DE4 /* MainViewController.xib */ = {isa = PBXFileReference; fileEncoding = 4; lastKnownFileType = file.xib; path = MainViewController.xib; sourceTree = "<group>"; };
		76A14D661841174C00DE8DE4 /* KLTextView.h */ = {isa = PBXFileReference; fileEncoding = 4; lastKnownFileType = sourcecode.c.h; path = KLTextView.h; sourceTree = "<group>"; };
		76A14D671841174C00DE8DE4 /* KLTextView.m */ = {isa = PBXFileReference; fileEncoding = 4; lastKnownFileType = sourcecode.c.objc; path = KLTextView.m; sourceTree = "<group>"; };
		76A14D681841174C00DE8DE4 /* KLKeyBoardbar.h */ = {isa = PBXFileReference; fileEncoding = 4; lastKnownFileType = sourcecode.c.h; path = KLKeyBoardbar.h; sourceTree = "<group>"; };
		76A14D691841174C00DE8DE4 /* KLKeyboardBar.m */ = {isa = PBXFileReference; fileEncoding = 4; lastKnownFileType = sourcecode.c.objc; path = KLKeyboardBar.m; sourceTree = "<group>"; };
		76A14D6E18411A0500DE8DE4 /* User.h */ = {isa = PBXFileReference; fileEncoding = 4; lastKnownFileType = sourcecode.c.h; path = User.h; sourceTree = "<group>"; };
		76A14D6F18411A0500DE8DE4 /* User.m */ = {isa = PBXFileReference; fileEncoding = 4; lastKnownFileType = sourcecode.c.objc; path = User.m; sourceTree = "<group>"; };
		76A14D7118411A1100DE8DE4 /* Question.h */ = {isa = PBXFileReference; fileEncoding = 4; lastKnownFileType = sourcecode.c.h; path = Question.h; sourceTree = "<group>"; };
		76A14D7218411A1100DE8DE4 /* Question.m */ = {isa = PBXFileReference; fileEncoding = 4; lastKnownFileType = sourcecode.c.objc; path = Question.m; sourceTree = "<group>"; };
		76A14D7418411A2700DE8DE4 /* Answer.h */ = {isa = PBXFileReference; fileEncoding = 4; lastKnownFileType = sourcecode.c.h; path = Answer.h; sourceTree = "<group>"; };
		76A14D7518411A2700DE8DE4 /* Answer.m */ = {isa = PBXFileReference; fileEncoding = 4; lastKnownFileType = sourcecode.c.objc; path = Answer.m; sourceTree = "<group>"; };
		C36007DE1841106700EA31FE /* FacebookSDK.framework */ = {isa = PBXFileReference; lastKnownFileType = wrapper.framework; name = FacebookSDK.framework; path = /Users/cody/Desktop/endthedebate_ios/../../Documents/FacebookSDK/FacebookSDK.framework; sourceTree = "<absolute>"; };
		C36007E318413CCC00EA31FE /* 851565_207329966095351_137697998_n.png */ = {isa = PBXFileReference; lastKnownFileType = image.png; path = 851565_207329966095351_137697998_n.png; sourceTree = "<group>"; };
		C36007EF18414DFE00EA31FE /* QuestionPage.h */ = {isa = PBXFileReference; fileEncoding = 4; lastKnownFileType = sourcecode.c.h; path = QuestionPage.h; sourceTree = "<group>"; };
		C36007F018414DFE00EA31FE /* QuestionPage.m */ = {isa = PBXFileReference; fileEncoding = 4; lastKnownFileType = sourcecode.c.objc; path = QuestionPage.m; sourceTree = "<group>"; };
		C36007F118414DFE00EA31FE /* QuestionPage.xib */ = {isa = PBXFileReference; fileEncoding = 4; lastKnownFileType = file.xib; path = QuestionPage.xib; sourceTree = "<group>"; };
/* End PBXFileReference section */

/* Begin PBXFrameworksBuildPhase section */
		76A14D191841045500DE8DE4 /* Frameworks */ = {
			isa = PBXFrameworksBuildPhase;
			buildActionMask = 2147483647;
			files = (
				76A14D221841045500DE8DE4 /* CoreGraphics.framework in Frameworks */,
				C36007DF1841106700EA31FE /* FacebookSDK.framework in Frameworks */,
				76A14D241841045500DE8DE4 /* UIKit.framework in Frameworks */,
				76A14D201841045500DE8DE4 /* Foundation.framework in Frameworks */,
				76A14D5D184110C000DE8DE4 /* CoreData.framework in Frameworks */,
				76A14D5B1841106A00DE8DE4 /* SystemConfiguration.framework in Frameworks */,
				76A14D591841106200DE8DE4 /* CFNetwork.framework in Frameworks */,
				76A14D571841105800DE8DE4 /* Security.framework in Frameworks */,
				76A14D551841101E00DE8DE4 /* MobileCoreServices.framework in Frameworks */,
				12747181BD2A42409ADEE7DE /* libPods.a in Frameworks */,
			);
			runOnlyForDeploymentPostprocessing = 0;
		};
		76A14D341841045600DE8DE4 /* Frameworks */ = {
			isa = PBXFrameworksBuildPhase;
			buildActionMask = 2147483647;
			files = (
				76A14D391841045600DE8DE4 /* XCTest.framework in Frameworks */,
				C36007E01841106700EA31FE /* FacebookSDK.framework in Frameworks */,
				76A14D3B1841045600DE8DE4 /* UIKit.framework in Frameworks */,
				76A14D3A1841045600DE8DE4 /* Foundation.framework in Frameworks */,
			);
			runOnlyForDeploymentPostprocessing = 0;
		};
/* End PBXFrameworksBuildPhase section */

/* Begin PBXGroup section */
		76A14D131841045500DE8DE4 = {
			isa = PBXGroup;
			children = (
				76A14D251841045500DE8DE4 /* endthedebate */,
				76A14D3E1841045600DE8DE4 /* endthedebateTests */,
				76A14D1E1841045500DE8DE4 /* Frameworks */,
				76A14D1D1841045500DE8DE4 /* Products */,
				429591F58B8D4D90A0E39351 /* Pods.xcconfig */,
			);
			sourceTree = "<group>";
		};
		76A14D1D1841045500DE8DE4 /* Products */ = {
			isa = PBXGroup;
			children = (
				76A14D1C1841045500DE8DE4 /* endthedebate.app */,
				76A14D371841045600DE8DE4 /* endthedebateTests.xctest */,
			);
			name = Products;
			sourceTree = "<group>";
		};
		76A14D1E1841045500DE8DE4 /* Frameworks */ = {
			isa = PBXGroup;
			children = (
				C36007DE1841106700EA31FE /* FacebookSDK.framework */,
				76A14D5C184110C000DE8DE4 /* CoreData.framework */,
				76A14D5A1841106A00DE8DE4 /* SystemConfiguration.framework */,
				76A14D581841106200DE8DE4 /* CFNetwork.framework */,
				76A14D561841105800DE8DE4 /* Security.framework */,
				76A14D541841101E00DE8DE4 /* MobileCoreServices.framework */,
				76A14D1F1841045500DE8DE4 /* Foundation.framework */,
				76A14D211841045500DE8DE4 /* CoreGraphics.framework */,
				76A14D231841045500DE8DE4 /* UIKit.framework */,
				76A14D381841045600DE8DE4 /* XCTest.framework */,
				42E41E315E394D0A80C56778 /* libPods.a */,
			);
			name = Frameworks;
			sourceTree = "<group>";
		};
		76A14D251841045500DE8DE4 /* endthedebate */ = {
			isa = PBXGroup;
			children = (
				76A14D2E1841045600DE8DE4 /* AppDelegate.h */,
				76A14D2F1841045600DE8DE4 /* AppDelegate.m */,
				76A14D64184115AE00DE8DE4 /* Libraries */,
				76A14D5E1841116300DE8DE4 /* MainController */,
				C36007EE18414DDE00EA31FE /* QuestionPage */,
				76A14D4E18410A4A00DE8DE4 /* LoginController */,
				76A14D311841045600DE8DE4 /* Images.xcassets */,
				C36007E21841387B00EA31FE /* Images */,
				76A14D261841045600DE8DE4 /* Supporting Files */,
			);
			path = endthedebate;
			sourceTree = "<group>";
		};
		76A14D261841045600DE8DE4 /* Supporting Files */ = {
			isa = PBXGroup;
			children = (
				76A14D271841045600DE8DE4 /* endthedebate-Info.plist */,
				76A14D281841045600DE8DE4 /* InfoPlist.strings */,
				76A14D2B1841045600DE8DE4 /* main.m */,
				76A14D2D1841045600DE8DE4 /* endthedebate-Prefix.pch */,
			);
			name = "Supporting Files";
			sourceTree = "<group>";
		};
		76A14D3E1841045600DE8DE4 /* endthedebateTests */ = {
			isa = PBXGroup;
			children = (
				76A14D441841045600DE8DE4 /* endthedebateTests.m */,
				76A14D3F1841045600DE8DE4 /* Supporting Files */,
			);
			path = endthedebateTests;
			sourceTree = "<group>";
		};
		76A14D3F1841045600DE8DE4 /* Supporting Files */ = {
			isa = PBXGroup;
			children = (
				76A14D401841045600DE8DE4 /* endthedebateTests-Info.plist */,
				76A14D411841045600DE8DE4 /* InfoPlist.strings */,
			);
			name = "Supporting Files";
			sourceTree = "<group>";
		};
		76A14D4E18410A4A00DE8DE4 /* LoginController */ = {
			isa = PBXGroup;
			children = (
				76A14D4F18410A7500DE8DE4 /* LoginViewController.h */,
				76A14D5018410A7500DE8DE4 /* LoginViewController.m */,
				76A14D5118410A7500DE8DE4 /* LoginViewController.xib */,
			);
			name = LoginController;
			sourceTree = "<group>";
		};
		76A14D5E1841116300DE8DE4 /* MainController */ = {
			isa = PBXGroup;
			children = (
				76A14D5F184113C500DE8DE4 /* MainViewController.h */,
				76A14D60184113C500DE8DE4 /* MainViewController.m */,
				76A14D61184113C500DE8DE4 /* MainViewController.xib */,
				76A14D6C1841195500DE8DE4 /* LeftSidePanel */,
			);
			name = MainController;
			sourceTree = "<group>";
		};
		76A14D64184115AE00DE8DE4 /* Libraries */ = {
			isa = PBXGroup;
			children = (
				76A14D6D184119F800DE8DE4 /* API */,
				76A14D65184115E300DE8DE4 /* KLTextView */,
			);
			name = Libraries;
			sourceTree = "<group>";
		};
		76A14D65184115E300DE8DE4 /* KLTextView */ = {
			isa = PBXGroup;
			children = (
				76A14D661841174C00DE8DE4 /* KLTextView.h */,
				76A14D671841174C00DE8DE4 /* KLTextView.m */,
				76A14D681841174C00DE8DE4 /* KLKeyBoardbar.h */,
				76A14D691841174C00DE8DE4 /* KLKeyboardBar.m */,
			);
			name = KLTextView;
			sourceTree = "<group>";
		};
		76A14D6C1841195500DE8DE4 /* LeftSidePanel */ = {
			isa = PBXGroup;
			children = (
			);
			name = LeftSidePanel;
			sourceTree = "<group>";
		};
		76A14D6D184119F800DE8DE4 /* API */ = {
			isa = PBXGroup;
			children = (
				76A14D6E18411A0500DE8DE4 /* User.h */,
				76A14D6F18411A0500DE8DE4 /* User.m */,
				76A14D7118411A1100DE8DE4 /* Question.h */,
				76A14D7218411A1100DE8DE4 /* Question.m */,
				76A14D7418411A2700DE8DE4 /* Answer.h */,
				76A14D7518411A2700DE8DE4 /* Answer.m */,
			);
			name = API;
			sourceTree = "<group>";
		};
		C36007E21841387B00EA31FE /* Images */ = {
			isa = PBXGroup;
			children = (
				C36007E318413CCC00EA31FE /* 851565_207329966095351_137697998_n.png */,
			);
			name = Images;
			path = ..;
			sourceTree = "<group>";
		};
		C36007EE18414DDE00EA31FE /* QuestionPage */ = {
			isa = PBXGroup;
			children = (
				C36007EF18414DFE00EA31FE /* QuestionPage.h */,
				C36007F018414DFE00EA31FE /* QuestionPage.m */,
				C36007F118414DFE00EA31FE /* QuestionPage.xib */,
			);
			name = QuestionPage;
			path = ..;
			sourceTree = "<group>";
		};
/* End PBXGroup section */

/* Begin PBXNativeTarget section */
		76A14D1B1841045500DE8DE4 /* endthedebate */ = {
			isa = PBXNativeTarget;
			buildConfigurationList = 76A14D481841045600DE8DE4 /* Build configuration list for PBXNativeTarget "endthedebate" */;
			buildPhases = (
				6FF802DBB00B415DAF928414 /* Check Pods Manifest.lock */,
				76A14D181841045500DE8DE4 /* Sources */,
				76A14D191841045500DE8DE4 /* Frameworks */,
				76A14D1A1841045500DE8DE4 /* Resources */,
				4E91379783AA42A0BFBC0E81 /* Copy Pods Resources */,
			);
			buildRules = (
			);
			dependencies = (
			);
			name = endthedebate;
			productName = endthedebate;
			productReference = 76A14D1C1841045500DE8DE4 /* endthedebate.app */;
			productType = "com.apple.product-type.application";
		};
		76A14D361841045600DE8DE4 /* endthedebateTests */ = {
			isa = PBXNativeTarget;
			buildConfigurationList = 76A14D4B1841045600DE8DE4 /* Build configuration list for PBXNativeTarget "endthedebateTests" */;
			buildPhases = (
				76A14D331841045600DE8DE4 /* Sources */,
				76A14D341841045600DE8DE4 /* Frameworks */,
				76A14D351841045600DE8DE4 /* Resources */,
			);
			buildRules = (
			);
			dependencies = (
				76A14D3D1841045600DE8DE4 /* PBXTargetDependency */,
			);
			name = endthedebateTests;
			productName = endthedebateTests;
			productReference = 76A14D371841045600DE8DE4 /* endthedebateTests.xctest */;
			productType = "com.apple.product-type.bundle.unit-test";
		};
/* End PBXNativeTarget section */

/* Begin PBXProject section */
		76A14D141841045500DE8DE4 /* Project object */ = {
			isa = PBXProject;
			attributes = {
				LastUpgradeCheck = 0500;
				ORGANIZATIONNAME = "Khang Le";
				TargetAttributes = {
					76A14D1B1841045500DE8DE4 = {
						DevelopmentTeam = PZAMT83P7E;
					};
					76A14D361841045600DE8DE4 = {
						TestTargetID = 76A14D1B1841045500DE8DE4;
					};
				};
			};
			buildConfigurationList = 76A14D171841045500DE8DE4 /* Build configuration list for PBXProject "endthedebate" */;
			compatibilityVersion = "Xcode 3.2";
			developmentRegion = English;
			hasScannedForEncodings = 0;
			knownRegions = (
				en,
			);
			mainGroup = 76A14D131841045500DE8DE4;
			productRefGroup = 76A14D1D1841045500DE8DE4 /* Products */;
			projectDirPath = "";
			projectRoot = "";
			targets = (
				76A14D1B1841045500DE8DE4 /* endthedebate */,
				76A14D361841045600DE8DE4 /* endthedebateTests */,
			);
		};
/* End PBXProject section */

/* Begin PBXResourcesBuildPhase section */
		76A14D1A1841045500DE8DE4 /* Resources */ = {
			isa = PBXResourcesBuildPhase;
			buildActionMask = 2147483647;
			files = (
				C36007F318414DFE00EA31FE /* QuestionPage.xib in Resources */,
				76A14D2A1841045600DE8DE4 /* InfoPlist.strings in Resources */,
				C36007E418413CCC00EA31FE /* 851565_207329966095351_137697998_n.png in Resources */,
				76A14D321841045600DE8DE4 /* Images.xcassets in Resources */,
				76A14D5318410A7500DE8DE4 /* LoginViewController.xib in Resources */,
				76A14D63184113C500DE8DE4 /* MainViewController.xib in Resources */,
			);
			runOnlyForDeploymentPostprocessing = 0;
		};
		76A14D351841045600DE8DE4 /* Resources */ = {
			isa = PBXResourcesBuildPhase;
			buildActionMask = 2147483647;
			files = (
				C36007E118412B6400EA31FE /* LoginViewController.xib in Resources */,
				76A14D431841045600DE8DE4 /* InfoPlist.strings in Resources */,
			);
			runOnlyForDeploymentPostprocessing = 0;
		};
/* End PBXResourcesBuildPhase section */

/* Begin PBXShellScriptBuildPhase section */
		4E91379783AA42A0BFBC0E81 /* Copy Pods Resources */ = {
			isa = PBXShellScriptBuildPhase;
			buildActionMask = 2147483647;
			files = (
			);
			inputPaths = (
			);
			name = "Copy Pods Resources";
			outputPaths = (
			);
			runOnlyForDeploymentPostprocessing = 0;
			shellPath = /bin/sh;
			shellScript = "\"${SRCROOT}/Pods/Pods-resources.sh\"\n";
		};
		6FF802DBB00B415DAF928414 /* Check Pods Manifest.lock */ = {
			isa = PBXShellScriptBuildPhase;
			buildActionMask = 2147483647;
			files = (
			);
			inputPaths = (
			);
			name = "Check Pods Manifest.lock";
			outputPaths = (
			);
			runOnlyForDeploymentPostprocessing = 0;
			shellPath = /bin/sh;
			shellScript = "diff \"${PODS_ROOT}/../Podfile.lock\" \"${PODS_ROOT}/Manifest.lock\" > /dev/null\nif [[ $? != 0 ]] ; then\n    cat << EOM\nerror: The sandbox is not in sync with the Podfile.lock. Run 'pod install' or update your CocoaPods installation.\nEOM\n    exit 1\nfi\n";
		};
/* End PBXShellScriptBuildPhase section */

/* Begin PBXSourcesBuildPhase section */
		76A14D181841045500DE8DE4 /* Sources */ = {
			isa = PBXSourcesBuildPhase;
			buildActionMask = 2147483647;
			files = (
				C36007F218414DFE00EA31FE /* QuestionPage.m in Sources */,
				76A14D301841045600DE8DE4 /* AppDelegate.m in Sources */,
				76A14D7018411A0500DE8DE4 /* User.m in Sources */,
				76A14D2C1841045600DE8DE4 /* main.m in Sources */,
				76A14D5218410A7500DE8DE4 /* LoginViewController.m in Sources */,
				76A14D6A1841174C00DE8DE4 /* KLTextView.m in Sources */,
				76A14D7318411A1100DE8DE4 /* Question.m in Sources */,
				76A14D62184113C500DE8DE4 /* MainViewController.m in Sources */,
				76A14D7618411A2700DE8DE4 /* Answer.m in Sources */,
				76A14D6B1841174C00DE8DE4 /* KLKeyboardBar.m in Sources */,
			);
			runOnlyForDeploymentPostprocessing = 0;
		};
		76A14D331841045600DE8DE4 /* Sources */ = {
			isa = PBXSourcesBuildPhase;
			buildActionMask = 2147483647;
			files = (
				76A14D451841045600DE8DE4 /* endthedebateTests.m in Sources */,
			);
			runOnlyForDeploymentPostprocessing = 0;
		};
/* End PBXSourcesBuildPhase section */

/* Begin PBXTargetDependency section */
		76A14D3D1841045600DE8DE4 /* PBXTargetDependency */ = {
			isa = PBXTargetDependency;
			target = 76A14D1B1841045500DE8DE4 /* endthedebate */;
			targetProxy = 76A14D3C1841045600DE8DE4 /* PBXContainerItemProxy */;
		};
/* End PBXTargetDependency section */

/* Begin PBXVariantGroup section */
		76A14D281841045600DE8DE4 /* InfoPlist.strings */ = {
			isa = PBXVariantGroup;
			children = (
				76A14D291841045600DE8DE4 /* en */,
			);
			name = InfoPlist.strings;
			sourceTree = "<group>";
		};
		76A14D411841045600DE8DE4 /* InfoPlist.strings */ = {
			isa = PBXVariantGroup;
			children = (
				76A14D421841045600DE8DE4 /* en */,
			);
			name = InfoPlist.strings;
			sourceTree = "<group>";
		};
/* End PBXVariantGroup section */

/* Begin XCBuildConfiguration section */
		76A14D461841045600DE8DE4 /* Debug */ = {
			isa = XCBuildConfiguration;
			buildSettings = {
				ALWAYS_SEARCH_USER_PATHS = NO;
				ARCHS = "$(ARCHS_STANDARD_INCLUDING_64_BIT)";
				CLANG_CXX_LANGUAGE_STANDARD = "gnu++0x";
				CLANG_CXX_LIBRARY = "libc++";
				CLANG_ENABLE_MODULES = YES;
				CLANG_ENABLE_OBJC_ARC = YES;
				CLANG_WARN_BOOL_CONVERSION = YES;
				CLANG_WARN_CONSTANT_CONVERSION = YES;
				CLANG_WARN_DIRECT_OBJC_ISA_USAGE = YES_ERROR;
				CLANG_WARN_EMPTY_BODY = YES;
				CLANG_WARN_ENUM_CONVERSION = YES;
				CLANG_WARN_INT_CONVERSION = YES;
				CLANG_WARN_OBJC_ROOT_CLASS = YES_ERROR;
				CLANG_WARN__DUPLICATE_METHOD_MATCH = YES;
				"CODE_SIGN_IDENTITY[sdk=iphoneos*]" = "iPhone Developer";
				COPY_PHASE_STRIP = NO;
				GCC_C_LANGUAGE_STANDARD = gnu99;
				GCC_DYNAMIC_NO_PIC = NO;
				GCC_OPTIMIZATION_LEVEL = 0;
				GCC_PREPROCESSOR_DEFINITIONS = (
					"DEBUG=1",
					"$(inherited)",
				);
				GCC_SYMBOLS_PRIVATE_EXTERN = NO;
				GCC_WARN_64_TO_32_BIT_CONVERSION = YES;
				GCC_WARN_ABOUT_RETURN_TYPE = YES_ERROR;
				GCC_WARN_UNDECLARED_SELECTOR = YES;
				GCC_WARN_UNINITIALIZED_AUTOS = YES;
				GCC_WARN_UNUSED_FUNCTION = YES;
				GCC_WARN_UNUSED_VARIABLE = YES;
				IPHONEOS_DEPLOYMENT_TARGET = 7.0;
				ONLY_ACTIVE_ARCH = YES;
				SDKROOT = iphoneos;
			};
			name = Debug;
		};
		76A14D471841045600DE8DE4 /* Release */ = {
			isa = XCBuildConfiguration;
			buildSettings = {
				ALWAYS_SEARCH_USER_PATHS = NO;
				ARCHS = "$(ARCHS_STANDARD_INCLUDING_64_BIT)";
				CLANG_CXX_LANGUAGE_STANDARD = "gnu++0x";
				CLANG_CXX_LIBRARY = "libc++";
				CLANG_ENABLE_MODULES = YES;
				CLANG_ENABLE_OBJC_ARC = YES;
				CLANG_WARN_BOOL_CONVERSION = YES;
				CLANG_WARN_CONSTANT_CONVERSION = YES;
				CLANG_WARN_DIRECT_OBJC_ISA_USAGE = YES_ERROR;
				CLANG_WARN_EMPTY_BODY = YES;
				CLANG_WARN_ENUM_CONVERSION = YES;
				CLANG_WARN_INT_CONVERSION = YES;
				CLANG_WARN_OBJC_ROOT_CLASS = YES_ERROR;
				CLANG_WARN__DUPLICATE_METHOD_MATCH = YES;
				"CODE_SIGN_IDENTITY[sdk=iphoneos*]" = "iPhone Developer";
				COPY_PHASE_STRIP = YES;
				ENABLE_NS_ASSERTIONS = NO;
				GCC_C_LANGUAGE_STANDARD = gnu99;
				GCC_WARN_64_TO_32_BIT_CONVERSION = YES;
				GCC_WARN_ABOUT_RETURN_TYPE = YES_ERROR;
				GCC_WARN_UNDECLARED_SELECTOR = YES;
				GCC_WARN_UNINITIALIZED_AUTOS = YES;
				GCC_WARN_UNUSED_FUNCTION = YES;
				GCC_WARN_UNUSED_VARIABLE = YES;
				IPHONEOS_DEPLOYMENT_TARGET = 7.0;
				SDKROOT = iphoneos;
				VALIDATE_PRODUCT = YES;
			};
			name = Release;
		};
		76A14D491841045600DE8DE4 /* Debug */ = {
			isa = XCBuildConfiguration;
			baseConfigurationReference = 429591F58B8D4D90A0E39351 /* Pods.xcconfig */;
			buildSettings = {
				ASSETCATALOG_COMPILER_APPICON_NAME = AppIcon;
				ASSETCATALOG_COMPILER_LAUNCHIMAGE_NAME = LaunchImage;
				CODE_SIGN_IDENTITY = "iPhone Developer";
				"CODE_SIGN_IDENTITY[sdk=iphoneos*]" = "iPhone Developer";
				FRAMEWORK_SEARCH_PATHS = (
					"$(inherited)",
					/Users/cody/Documents/FacebookSDK,
				);
				GCC_PRECOMPILE_PREFIX_HEADER = YES;
				GCC_PREFIX_HEADER = "endthedebate/endthedebate-Prefix.pch";
				INFOPLIST_FILE = "endthedebate/endthedebate-Info.plist";
				PRODUCT_NAME = "$(TARGET_NAME)";
				PROVISIONING_PROFILE = "";
				WRAPPER_EXTENSION = app;
			};
			name = Debug;
		};
		76A14D4A1841045600DE8DE4 /* Release */ = {
			isa = XCBuildConfiguration;
			baseConfigurationReference = 429591F58B8D4D90A0E39351 /* Pods.xcconfig */;
			buildSettings = {
				ASSETCATALOG_COMPILER_APPICON_NAME = AppIcon;
				ASSETCATALOG_COMPILER_LAUNCHIMAGE_NAME = LaunchImage;
				CODE_SIGN_IDENTITY = "iPhone Developer";
				"CODE_SIGN_IDENTITY[sdk=iphoneos*]" = "iPhone Developer";
				FRAMEWORK_SEARCH_PATHS = (
					"$(inherited)",
					/Users/cody/Documents/FacebookSDK,
				);
				GCC_PRECOMPILE_PREFIX_HEADER = YES;
				GCC_PREFIX_HEADER = "endthedebate/endthedebate-Prefix.pch";
				INFOPLIST_FILE = "endthedebate/endthedebate-Info.plist";
				PRODUCT_NAME = "$(TARGET_NAME)";
				PROVISIONING_PROFILE = "";
				WRAPPER_EXTENSION = app;
			};
			name = Release;
		};
		76A14D4C1841045600DE8DE4 /* Debug */ = {
			isa = XCBuildConfiguration;
			buildSettings = {
				ARCHS = "$(ARCHS_STANDARD_INCLUDING_64_BIT)";
				BUNDLE_LOADER = "$(BUILT_PRODUCTS_DIR)/endthedebate.app/endthedebate";
				FRAMEWORK_SEARCH_PATHS = (
					"$(SDKROOT)/Developer/Library/Frameworks",
					"$(inherited)",
					"$(DEVELOPER_FRAMEWORKS_DIR)",
					/Users/cody/Documents/FacebookSDK,
				);
				GCC_PRECOMPILE_PREFIX_HEADER = YES;
				GCC_PREFIX_HEADER = "endthedebate/endthedebate-Prefix.pch";
				GCC_PREPROCESSOR_DEFINITIONS = (
					"DEBUG=1",
					"$(inherited)",
				);
				INFOPLIST_FILE = "endthedebateTests/endthedebateTests-Info.plist";
				PRODUCT_NAME = "$(TARGET_NAME)";
				TEST_HOST = "$(BUNDLE_LOADER)";
				WRAPPER_EXTENSION = xctest;
			};
			name = Debug;
		};
		76A14D4D1841045600DE8DE4 /* Release */ = {
			isa = XCBuildConfiguration;
			buildSettings = {
				ARCHS = "$(ARCHS_STANDARD_INCLUDING_64_BIT)";
				BUNDLE_LOADER = "$(BUILT_PRODUCTS_DIR)/endthedebate.app/endthedebate";
				FRAMEWORK_SEARCH_PATHS = (
					"$(SDKROOT)/Developer/Library/Frameworks",
					"$(inherited)",
					"$(DEVELOPER_FRAMEWORKS_DIR)",
					/Users/cody/Documents/FacebookSDK,
				);
				GCC_PRECOMPILE_PREFIX_HEADER = YES;
				GCC_PREFIX_HEADER = "endthedebate/endthedebate-Prefix.pch";
				INFOPLIST_FILE = "endthedebateTests/endthedebateTests-Info.plist";
				PRODUCT_NAME = "$(TARGET_NAME)";
				TEST_HOST = "$(BUNDLE_LOADER)";
				WRAPPER_EXTENSION = xctest;
			};
			name = Release;
		};
/* End XCBuildConfiguration section */

/* Begin XCConfigurationList section */
		76A14D171841045500DE8DE4 /* Build configuration list for PBXProject "endthedebate" */ = {
			isa = XCConfigurationList;
			buildConfigurations = (
				76A14D461841045600DE8DE4 /* Debug */,
				76A14D471841045600DE8DE4 /* Release */,
			);
			defaultConfigurationIsVisible = 0;
			defaultConfigurationName = Release;
		};
		76A14D481841045600DE8DE4 /* Build configuration list for PBXNativeTarget "endthedebate" */ = {
			isa = XCConfigurationList;
			buildConfigurations = (
				76A14D491841045600DE8DE4 /* Debug */,
				76A14D4A1841045600DE8DE4 /* Release */,
			);
			defaultConfigurationIsVisible = 0;
			defaultConfigurationName = Release;
		};
		76A14D4B1841045600DE8DE4 /* Build configuration list for PBXNativeTarget "endthedebateTests" */ = {
			isa = XCConfigurationList;
			buildConfigurations = (
				76A14D4C1841045600DE8DE4 /* Debug */,
				76A14D4D1841045600DE8DE4 /* Release */,
			);
			defaultConfigurationIsVisible = 0;
			defaultConfigurationName = Release;
		};
/* End XCConfigurationList section */
	};
	rootObject = 76A14D141841045500DE8DE4 /* Project object */;
}
